
Microsoft Visual Studio Solution File, Format Version 12.00
# Visual Studio Version 17
VisualStudioVersion = 17.5.33516.290
MinimumVisualStudioVersion = 10.0.40219.1
Project("{FAE04EC0-301F-11D3-BF4B-00C04F79EFBC}") = "wp03_controls", "wp03_controls\wp03_controls.csproj", "{21A481C2-372B-437E-92EF-6B15995C3488}"
EndProject
Project("{FAE04EC0-301F-11D3-BF4B-00C04F79EFBC}") = "wp04_layout", "wp04_layout\wp04_layout.csproj", "{D9CE2C2F-A820-416E-ACB7-8768C2478E89}"
EndProject
Project("{FAE04EC0-301F-11D3-BF4B-00C04F79EFBC}") = "wp05_bikeshop", "wp05_bikeshop\wp05_bikeshop.csproj", "{60BD32FD-FCC2-4727-8211-E517D7B4C040}"
EndProject
Global
	GlobalSection(SolutionConfigurationPlatforms) = preSolution
		Debug|Any CPU = Debug|Any CPU
		Release|Any CPU = Release|Any CPU
	EndGlobalSection
	GlobalSection(ProjectConfigurationPlatforms) = postSolution
		{21A481C2-372B-437E-92EF-6B15995C3488}.Debug|Any CPU.ActiveCfg = Debug|Any CPU
		{21A481C2-372B-437E-92EF-6B15995C3488}.Debug|Any CPU.Build.0 = Debug|Any CPU
		{21A481C2-372B-437E-92EF-6B15995C3488}.Release|Any CPU.ActiveCfg = Release|Any CPU
		{21A481C2-372B-437E-92EF-6B15995C3488}.Release|Any CPU.Build.0 = Release|Any CPU
		{D9CE2C2F-A820-416E-ACB7-8768C2478E89}.Debug|Any CPU.ActiveCfg = Debug|Any CPU
		{D9CE2C2F-A820-416E-ACB7-8768C2478E89}.Debug|Any CPU.Build.0 = Debug|Any CPU
		{D9CE2C2F-A820-416E-ACB7-8768C2478E89}.Release|Any CPU.ActiveCfg = Release|Any CPU
		{D9CE2C2F-A820-416E-ACB7-8768C2478E89}.Release|Any CPU.Build.0 = Release|Any CPU
		{60BD32FD-FCC2-4727-8211-E517D7B4C040}.Debug|Any CPU.ActiveCfg = Debug|Any CPU
		{60BD32FD-FCC2-4727-8211-E517D7B4C040}.Debug|Any CPU.Build.0 = Debug|Any CPU
		{60BD32FD-FCC2-4727-8211-E517D7B4C040}.Release|Any CPU.ActiveCfg = Release|Any CPU
		{60BD32FD-FCC2-4727-8211-E517D7B4C040}.Release|Any CPU.Build.0 = Release|Any CPU
	EndGlobalSection
	GlobalSection(SolutionProperties) = preSolution
		HideSolutionNode = FALSE
	EndGlobalSection
	GlobalSection(ExtensibilityGlobals) = postSolution
		SolutionGuid = {0C4AFE7D-6403-4078-A633-EF90F330B357}
	EndGlobalSection
EndGlobal
